// !$*UTF8*$!
{
	archiveVersion = 1;
	classes = {
	};
	objectVersion = 46;
	objects = {

/* Begin PBXBuildFile section */
		2475E019AC6D2F294D677F34 /* BagStub.swift in Sources */ = {isa = PBXBuildFile; fileRef = 2475E959F2DC065D45D7855A /* BagStub.swift */; };
		2475E04BEA86BF4B81C721C1 /* sample.png in Resources */ = {isa = PBXBuildFile; fileRef = 2475E5B4D098FE6945B3F148 /* sample.png */; };
		2475E058B58AC157C0A147B7 /* StargazersModelStub.swift in Sources */ = {isa = PBXBuildFile; fileRef = 2475E6244DDBD595E9FCA79A /* StargazersModelStub.swift */; };
		2475E09386F9E236D7FB1E4D /* Navigator.swift in Sources */ = {isa = PBXBuildFile; fileRef = 2475E1A4E2B89145A865C025 /* Navigator.swift */; };
		2475E0A999969C00C800FF33 /* GitHubStargazerTests.swift in Sources */ = {isa = PBXBuildFile; fileRef = 2475E17054E55DC60FBB0869 /* GitHubStargazerTests.swift */; };
		2475E0DE8D2D86FEB4B92AE3 /* TitleHolder.swift in Sources */ = {isa = PBXBuildFile; fileRef = 2475E6DC10E68D586EF9C728 /* TitleHolder.swift */; };
		2475E170973E171822B69899 /* StargazersInfiniteScrollController.swift in Sources */ = {isa = PBXBuildFile; fileRef = 2475E15A53F5DC95C1A18F2C /* StargazersInfiniteScrollController.swift */; };
		2475E17C0E6D441728D39ECA /* StargazerRepository.swift in Sources */ = {isa = PBXBuildFile; fileRef = 2475E2D3B67D9970FD6B94BF /* StargazerRepository.swift */; };
		2475E184C491ECB5D4520C4D /* Assets.xcassets in Resources */ = {isa = PBXBuildFile; fileRef = 2475EDAB59CE5A5E99A03E61 /* Assets.xcassets */; };
		2475E1F7383D96C8179860E9 /* PageEndDetectionStrategyStub.swift in Sources */ = {isa = PBXBuildFile; fileRef = 2475E3FDADF2B0C6C13CE5E1 /* PageEndDetectionStrategyStub.swift */; };
		2475E21443951FE6C9E9CC0B /* StargazersModelTests.swift in Sources */ = {isa = PBXBuildFile; fileRef = 2475EC7516DF00CF3095186A /* StargazersModelTests.swift */; };
		2475E296D4A45CC8EF30F8E8 /* GitHubApiClient.swift in Sources */ = {isa = PBXBuildFile; fileRef = 2475E9F9C6BB7D41F55161A7 /* GitHubApiClient.swift */; };
		2475E2AC84566117FC687FC8 /* JsonReader.swift in Sources */ = {isa = PBXBuildFile; fileRef = 2475E3FCF9976BD662C10237 /* JsonReader.swift */; };
		2475E2F948F045B2F1CCAE48 /* GitHubApiEndpoint.swift in Sources */ = {isa = PBXBuildFile; fileRef = 2475EC3A6667F8553C23CB2C /* GitHubApiEndpoint.swift */; };
		2475E35401AF1A0DDB75BCFB /* user.json in Resources */ = {isa = PBXBuildFile; fileRef = 2475E6654583784DB2FAC099 /* user.json */; };
		2475E3552D75289CEAB3FFC5 /* ColorCatalog.swift in Sources */ = {isa = PBXBuildFile; fileRef = 2475EE88C83579435E9F67BA /* ColorCatalog.swift */; };
		2475E3B1BAEAEE1D8FD372DC /* AppDelegate.swift in Sources */ = {isa = PBXBuildFile; fileRef = 2475E00BE716C34F1495A4DE /* AppDelegate.swift */; };
		2475E40D232C0867EE3CBDD0 /* NavigatorStub.swift in Sources */ = {isa = PBXBuildFile; fileRef = 2475EF9C786B34F42182126A /* NavigatorStub.swift */; };
		2475E427AF93298C1BA03EB1 /* StargazersControllerMediator.swift in Sources */ = {isa = PBXBuildFile; fileRef = 2475E892E746679C895D57CC /* StargazersControllerMediator.swift */; };
		2475E43565E60AF499555003 /* ModalDissolverStub.swift in Sources */ = {isa = PBXBuildFile; fileRef = 2475EF84CC9B5F09D2C30317 /* ModalDissolverStub.swift */; };
		2475E437BCE2D828E2DE8608 /* PagedElementCollection.swift in Sources */ = {isa = PBXBuildFile; fileRef = 2475EE00EDD7E12FE4F3158F /* PagedElementCollection.swift */; };
		2475E4644B84BA23207DBA28 /* PagingModelTests.swift in Sources */ = {isa = PBXBuildFile; fileRef = 2475E9701455B0421AAF96DF /* PagingModelTests.swift */; };
		2475E4661715371D7250B39F /* UserScreenRootView.swift in Sources */ = {isa = PBXBuildFile; fileRef = 2475E67AF3F104CABDC6A755 /* UserScreenRootView.swift */; };
		2475E4BFB97B4FD9BDEBBC3E /* UrlOpenerSpy.swift in Sources */ = {isa = PBXBuildFile; fileRef = 2475E5D99B9F60DA1B351438 /* UrlOpenerSpy.swift */; };
		2475E4ECDE3E285184B3D239 /* ModalDissolverSpy.swift in Sources */ = {isa = PBXBuildFile; fileRef = 2475E61C2790095308271957 /* ModalDissolverSpy.swift */; };
		2475E4F5BAA39082F5129854 /* GitHubUser.swift in Sources */ = {isa = PBXBuildFile; fileRef = 2475E96540D7FDFD907E38A1 /* GitHubUser.swift */; };
		2475E50D500D2D57253936F6 /* UserModelStub.swift in Sources */ = {isa = PBXBuildFile; fileRef = 2475E2F51CEB39BCDE5D9437 /* UserModelStub.swift */; };
		2475E52AFF57CA80947B35B8 /* PageEndDetectionStrategy.swift in Sources */ = {isa = PBXBuildFile; fileRef = 2475EA6CE7CCD06FE9AAE392 /* PageEndDetectionStrategy.swift */; };
		2475E55643D08A83C570FEED /* ModalPresenterStub.swift in Sources */ = {isa = PBXBuildFile; fileRef = 2475E5DE74FBBF39D4066F9F /* ModalPresenterStub.swift */; };
		2475E578041452F8670C5A8C /* UserMvcComposerTests.swift in Sources */ = {isa = PBXBuildFile; fileRef = 2475EDEF357B21E401A94659 /* UserMvcComposerTests.swift */; };
		2475E58C5612022DA17FECB4 /* ModalDissolver.swift in Sources */ = {isa = PBXBuildFile; fileRef = 2475EC038B0F4DFB5B9D39D6 /* ModalDissolver.swift */; };
		2475E591ACC9AFE667DAB0FE /* GlobalModalPresenterStub.swift in Sources */ = {isa = PBXBuildFile; fileRef = 2475EDCC6EF19D685E2CF838 /* GlobalModalPresenterStub.swift */; };
		2475E5EEB2DAE071F555A468 /* PagingModel.swift in Sources */ = {isa = PBXBuildFile; fileRef = 2475EE1B5C297CBB2DB792F7 /* PagingModel.swift */; };
		2475E63DC2AE2BBCED7A5D62 /* PagingCursorTests.swift in Sources */ = {isa = PBXBuildFile; fileRef = 2475E7ECB9C6033E2222F3D9 /* PagingCursorTests.swift */; };
		2475E66EA08658D19BCBD65E /* GlobalModalPresenterTests.swift in Sources */ = {isa = PBXBuildFile; fileRef = 2475EB0538815443EF52BD61 /* GlobalModalPresenterTests.swift */; };
		2475E76DB6877549D4EF0A3E /* FilledLayout.swift in Sources */ = {isa = PBXBuildFile; fileRef = 2475EA23F072080B484A2B68 /* FilledLayout.swift */; };
		2475E797D65B825304504F9B /* FatalErrorViewController.swift in Sources */ = {isa = PBXBuildFile; fileRef = 2475EB38628EF03DCAD17F84 /* FatalErrorViewController.swift */; };
		2475E7A6273DD9CBF4ABA5BA /* AnyError.swift in Sources */ = {isa = PBXBuildFile; fileRef = 2475E8757F392A3269C299DC /* AnyError.swift */; };
		2475E81254A76DFDA50D9D83 /* StargazersViewMediator.swift in Sources */ = {isa = PBXBuildFile; fileRef = 2475E0C468760C2DAE1C894B /* StargazersViewMediator.swift */; };
		2475E8169213EC2CBA0BA1B8 /* R.generated.swift in Sources */ = {isa = PBXBuildFile; fileRef = 2475E168B20E5C501400CF73 /* R.generated.swift */; };
		2475E845E3CFF6655F05943B /* ReverseNavigatorStub.swift in Sources */ = {isa = PBXBuildFile; fileRef = 2475EF96132C6C3CF90DC90E /* ReverseNavigatorStub.swift */; };
		2475E86685E6B00877AE26FA /* PerformanceParameter.swift in Sources */ = {isa = PBXBuildFile; fileRef = 2475E3A470C2B5148E96E222 /* PerformanceParameter.swift */; };
		2475E89B7635E64C1B93D474 /* SpyViewController.swift in Sources */ = {isa = PBXBuildFile; fileRef = 2475EFA520E17DA4BAB59AA9 /* SpyViewController.swift */; };
		2475E8B006035467EAB8CA51 /* PageEndDirection.swift in Sources */ = {isa = PBXBuildFile; fileRef = 2475E026EF95F2C30727924A /* PageEndDirection.swift */; };
		2475E8D08D795709933F77E2 /* FontRegistryTests.swift in Sources */ = {isa = PBXBuildFile; fileRef = 2475E99206AD0AA53E23C74F /* FontRegistryTests.swift */; };
		2475E8D6EE86B076D4CB3361 /* RemoteImageSourceTests.swift in Sources */ = {isa = PBXBuildFile; fileRef = 2475E2939E6563048AA378B3 /* RemoteImageSourceTests.swift */; };
		2475E906ADAD63C68E83A804 /* Bag.swift in Sources */ = {isa = PBXBuildFile; fileRef = 2475E9FD342D791575BDC09E /* Bag.swift */; };
		2475E919F1D874F22263ADB2 /* RootNavigator.swift in Sources */ = {isa = PBXBuildFile; fileRef = 2475EB8F747467F3FEE96748 /* RootNavigator.swift */; };
		2475E9438E42A41809D5609E /* PageElementCountStrategy.swift in Sources */ = {isa = PBXBuildFile; fileRef = 2475E686AF0E489B78CE12D8 /* PageElementCountStrategy.swift */; };
		2475E9574A422AE546409DFA /* ReverseNavigatorSpy.swift in Sources */ = {isa = PBXBuildFile; fileRef = 2475EAAA66CB3DAD638AA305 /* ReverseNavigatorSpy.swift */; };
		2475E9807E8143A4B3A751A5 /* LaunchScreen.storyboard in Resources */ = {isa = PBXBuildFile; fileRef = 2475E33610A7BBD163657C40 /* LaunchScreen.storyboard */; };
		2475E9C5968FE2FDD131A353 /* UrlOpener.swift in Sources */ = {isa = PBXBuildFile; fileRef = 2475E9BB7111AF583D00867E /* UrlOpener.swift */; };
		2475E9E49763BD4260AD2B30 /* RootViewControllerHolderSpy.swift in Sources */ = {isa = PBXBuildFile; fileRef = 2475EA2A64644BB49F373AF2 /* RootViewControllerHolderSpy.swift */; };
		2475EA03D2E0AC5C95CA2961 /* GlobalModalPresenter.swift in Sources */ = {isa = PBXBuildFile; fileRef = 2475EB76686921C7DDEC4FB2 /* GlobalModalPresenter.swift */; };
		2475EA0A2BB5CDAAA1DFB2B5 /* NavigatorSpy.swift in Sources */ = {isa = PBXBuildFile; fileRef = 2475EA1E27954B386919C01B /* NavigatorSpy.swift */; };
		2475EA2BD6E67ECEAE176195 /* RemoteImageSource.swift in Sources */ = {isa = PBXBuildFile; fileRef = 2475E767B5CB5B7E0C0B0A6E /* RemoteImageSource.swift */; };
		2475EA44D9638AEDA24CE1DC /* PageRepositorySpy.swift in Sources */ = {isa = PBXBuildFile; fileRef = 2475E29FA1DBCF20C012D776 /* PageRepositorySpy.swift */; };
		2475EA58B3D5A745C10EEECB /* UrlOpenerStub.swift in Sources */ = {isa = PBXBuildFile; fileRef = 2475EB1D83DE4FF87B26603C /* UrlOpenerStub.swift */; };
		2475EB37E60B9FA89BC83FF4 /* GitHubApiClientStub.swift in Sources */ = {isa = PBXBuildFile; fileRef = 2475EAAA03A6CC33D5660297 /* GitHubApiClientStub.swift */; };
		2475EBB7010332026F93D968 /* TransparentViewController.swift in Sources */ = {isa = PBXBuildFile; fileRef = 2475E239A933D1C6B11B77A3 /* TransparentViewController.swift */; };
		2475EBBD47C22B8513391662 /* StargazersScreenRootView.swift in Sources */ = {isa = PBXBuildFile; fileRef = 2475E62C84D772E7C978BBEE /* StargazersScreenRootView.swift */; };
		2475EBBEE0CB66156780EAC1 /* PageRepositoryStub.swift in Sources */ = {isa = PBXBuildFile; fileRef = 2475EBC20C528C65C22AC76E /* PageRepositoryStub.swift */; };
		2475EBC38C427D41A452E006 /* GitHubStargazer.swift in Sources */ = {isa = PBXBuildFile; fileRef = 2475EA9AAFF3FDC512301D94 /* GitHubStargazer.swift */; };
		2475EBE734270642753E85C1 /* StargazerRepositoryStub.swift in Sources */ = {isa = PBXBuildFile; fileRef = 2475E49AC1AFD52DCC81BE25 /* StargazerRepositoryStub.swift */; };
		2475EC3DE8C8F6480DDCD136 /* PagingCursor.swift in Sources */ = {isa = PBXBuildFile; fileRef = 2475E557348E1E9BB7330B3A /* PagingCursor.swift */; };
		2475ECB6415E19BAADCCD7A6 /* RootViewControllerHolderStub.swift in Sources */ = {isa = PBXBuildFile; fileRef = 2475EC69DBF799CBC5577694 /* RootViewControllerHolderStub.swift */; };
		2475ECBCF94E07BC7EF025A9 /* GlobalModalPresenterSpy.swift in Sources */ = {isa = PBXBuildFile; fileRef = 2475EAF2B59691052DE46C74 /* GlobalModalPresenterSpy.swift */; };
		2475ECF1AD4C571D44629792 /* RootViewControllerHolder.swift in Sources */ = {isa = PBXBuildFile; fileRef = 2475EE3B480C7B64EE488ED0 /* RootViewControllerHolder.swift */; };
		2475ED052F280DF12FCC21BF /* TestableDesignExampleUITests.swift in Sources */ = {isa = PBXBuildFile; fileRef = 2475E52EE895096067C3AB7E /* TestableDesignExampleUITests.swift */; };
		2475ED242C02F97EC979B063 /* UserViewMediator.swift in Sources */ = {isa = PBXBuildFile; fileRef = 2475E4D128866C453FAF4F53 /* UserViewMediator.swift */; };
		2475ED5BF2B685F9B76415C5 /* VisualDecorator.swift in Sources */ = {isa = PBXBuildFile; fileRef = 2475E26107E142D6CF5AAC43 /* VisualDecorator.swift */; };
		2475ED6B21CB5EEF515D37D8 /* GitHubApiEndpointTests.swift in Sources */ = {isa = PBXBuildFile; fileRef = 2475E6DFB3857B78D5216317 /* GitHubApiEndpointTests.swift */; };
		2475ED71E768A0D9244C7C8D /* StargazersMvcComposerTests.swift in Sources */ = {isa = PBXBuildFile; fileRef = 2475E53EEBB0B2F0A445AAC9 /* StargazersMvcComposerTests.swift */; };
		2475EDC2FD509A53E43DEDA9 /* reposStargazers.json in Resources */ = {isa = PBXBuildFile; fileRef = 2475EFC5E1532F9230A85D82 /* reposStargazers.json */; };
		2475EE26A0DFBEC4EB5BAE99 /* FontRegistry.swift in Sources */ = {isa = PBXBuildFile; fileRef = 2475E633D1D5C9D0166E0EF1 /* FontRegistry.swift */; };
		2475EE86B1751D6D830B3BBD /* TestNavigator.swift in Sources */ = {isa = PBXBuildFile; fileRef = 2475E01DE6FDD5A3028F1B32 /* TestNavigator.swift */; };
		2475EEB00A8811E9698BD7E7 /* UserModel.swift in Sources */ = {isa = PBXBuildFile; fileRef = 2475ECEADCC16CF800154CD5 /* UserModel.swift */; };
		2475EEB29A601F4F56E18789 /* PageRepository.swift in Sources */ = {isa = PBXBuildFile; fileRef = 2475EF074C2A57218C33A52B /* PageRepository.swift */; };
		2475EEC0350AE44691DDC0BA /* GitHubApiClientTests.swift in Sources */ = {isa = PBXBuildFile; fileRef = 2475E0A01A4162606F18EA04 /* GitHubApiClientTests.swift */; };
		2475EEE96C335A9F12A6CDCB /* ModalPresenter.swift in Sources */ = {isa = PBXBuildFile; fileRef = 2475E04E8578411420D30C66 /* ModalPresenter.swift */; };
		2475EF0E319C2B3CFC48C762 /* UserMvcComposer.swift in Sources */ = {isa = PBXBuildFile; fileRef = 2475E6CC4A27B8058F8CAE7F /* UserMvcComposer.swift */; };
		2475EF51B81507582E5DFECC /* ModalPresenterSpy.swift in Sources */ = {isa = PBXBuildFile; fileRef = 2475E0863654DCA22B752989 /* ModalPresenterSpy.swift */; };
		2475EF55555DE956BE7FBE56 /* octicons.ttf in Resources */ = {isa = PBXBuildFile; fileRef = 2475EF639EA034BCC0C26512 /* octicons.ttf */; };
		2475EF62D7DC1E8FC2476A52 /* AsyncTestHelper.swift in Sources */ = {isa = PBXBuildFile; fileRef = 2475E30AD0FB5158B660EB33 /* AsyncTestHelper.swift */; };
		2475EF6D67DC1229AB744C71 /* StargazersModel.swift in Sources */ = {isa = PBXBuildFile; fileRef = 2475EA8A1CD58D89A6FC8E3E /* StargazersModel.swift */; };
		2475EF784651E52247E3C648 /* GitHubRepository.swift in Sources */ = {isa = PBXBuildFile; fileRef = 2475E9C17E4BBC136112F1C3 /* GitHubRepository.swift */; };
		2475EF8187459829B292AFA9 /* R.generatedTests.swift in Sources */ = {isa = PBXBuildFile; fileRef = 2475E5AD62D5E53E91973FEB /* R.generatedTests.swift */; };
		2475EFAF8A41DC6E3EA5136E /* ReverseNavigator.swift in Sources */ = {isa = PBXBuildFile; fileRef = 2475E057BF183CFFA06D8FA3 /* ReverseNavigator.swift */; };
		6292A2B01F60D821001A7172 /* UserScreenRootView.xib in Resources */ = {isa = PBXBuildFile; fileRef = 6292A2AF1F60D821001A7172 /* UserScreenRootView.xib */; };
		6292A2B21F60E902001A7172 /* StargazersScreenRootView.xib in Resources */ = {isa = PBXBuildFile; fileRef = 6292A2B11F60E902001A7172 /* StargazersScreenRootView.xib */; };
		62A1614D1E73C1CC003D28DC /* RxBlocking.framework in Frameworks */ = {isa = PBXBuildFile; fileRef = 62A1614B1E73C1CC003D28DC /* RxBlocking.framework */; };
		62A1614E1E73C1CC003D28DC /* RxTest.framework in Frameworks */ = {isa = PBXBuildFile; fileRef = 62A1614C1E73C1CC003D28DC /* RxTest.framework */; };
		62A161511E73C259003D28DC /* RxSwift.framework in Frameworks */ = {isa = PBXBuildFile; fileRef = 62A161501E73C259003D28DC /* RxSwift.framework */; };
		62A161571E73C923003D28DC /* MirrorDiffKit.framework in Frameworks */ = {isa = PBXBuildFile; fileRef = 62A161561E73C923003D28DC /* MirrorDiffKit.framework */; };
		62A1615A1E73C9ED003D28DC /* R.generated.swift in Sources */ = {isa = PBXBuildFile; fileRef = 62A161591E73C9ED003D28DC /* R.generated.swift */; };
		62A161611E73E1CE003D28DC /* PromiseKit.framework in Frameworks */ = {isa = PBXBuildFile; fileRef = 62A1615F1E73E1CE003D28DC /* PromiseKit.framework */; };
		62A161621E73E1CE003D28DC /* Unbox.framework in Frameworks */ = {isa = PBXBuildFile; fileRef = 62A161601E73E1CE003D28DC /* Unbox.framework */; };
		62A161681E74164A003D28DC /* Rswift.framework in Frameworks */ = {isa = PBXBuildFile; fileRef = 62A161471E73BCD4003D28DC /* Rswift.framework */; };
		62A1616C1E741761003D28DC /* Result.framework in Frameworks */ = {isa = PBXBuildFile; fileRef = 62A1616B1E741761003D28DC /* Result.framework */; };
		62A1616E1E743EF2003D28DC /* StargazerCell.xib in Resources */ = {isa = PBXBuildFile; fileRef = 62A1616D1E743EF2003D28DC /* StargazerCell.xib */; };
		62A161701E7440FE003D28DC /* StargazerCell.swift in Sources */ = {isa = PBXBuildFile; fileRef = 62A1616F1E7440FE003D28DC /* StargazerCell.swift */; };
		62A161741E744812003D28DC /* StargazersMvcComposer.swift in Sources */ = {isa = PBXBuildFile; fileRef = 62A161731E744812003D28DC /* StargazersMvcComposer.swift */; };
		62A161781E746105003D28DC /* FatalErrorScreen.storyboard in Resources */ = {isa = PBXBuildFile; fileRef = 62A161771E746105003D28DC /* FatalErrorScreen.storyboard */; };
/* End PBXBuildFile section */

/* Begin PBXContainerItemProxy section */
		2475E250748A44B29F5B4F04 /* PBXContainerItemProxy */ = {
			isa = PBXContainerItemProxy;
			containerPortal = 2475E53F7AA653832B1EFE63 /* Project object */;
			proxyType = 1;
			remoteGlobalIDString = 2475EE0376871EE7203E0C05;
			remoteInfo = TestableDesignExample;
		};
		2475EA3339FE17C36E5296D2 /* PBXContainerItemProxy */ = {
			isa = PBXContainerItemProxy;
			containerPortal = 2475E53F7AA653832B1EFE63 /* Project object */;
			proxyType = 1;
			remoteGlobalIDString = 2475EE0376871EE7203E0C05;
			remoteInfo = TestableDesignExample;
		};
/* End PBXContainerItemProxy section */

/* Begin PBXFileReference section */
		2475E00BE716C34F1495A4DE /* AppDelegate.swift */ = {isa = PBXFileReference; lastKnownFileType = sourcecode.swift; path = AppDelegate.swift; sourceTree = "<group>"; };
		2475E01DE6FDD5A3028F1B32 /* TestNavigator.swift */ = {isa = PBXFileReference; fileEncoding = 4; lastKnownFileType = sourcecode.swift; path = TestNavigator.swift; sourceTree = "<group>"; };
		2475E026EF95F2C30727924A /* PageEndDirection.swift */ = {isa = PBXFileReference; fileEncoding = 4; lastKnownFileType = sourcecode.swift; path = PageEndDirection.swift; sourceTree = "<group>"; };
		2475E04E8578411420D30C66 /* ModalPresenter.swift */ = {isa = PBXFileReference; fileEncoding = 4; lastKnownFileType = sourcecode.swift; path = ModalPresenter.swift; sourceTree = "<group>"; };
		2475E057BF183CFFA06D8FA3 /* ReverseNavigator.swift */ = {isa = PBXFileReference; fileEncoding = 4; lastKnownFileType = sourcecode.swift; path = ReverseNavigator.swift; sourceTree = "<group>"; };
		2475E0863654DCA22B752989 /* ModalPresenterSpy.swift */ = {isa = PBXFileReference; fileEncoding = 4; lastKnownFileType = sourcecode.swift; path = ModalPresenterSpy.swift; sourceTree = "<group>"; };
		2475E0A01A4162606F18EA04 /* GitHubApiClientTests.swift */ = {isa = PBXFileReference; fileEncoding = 4; lastKnownFileType = sourcecode.swift; path = GitHubApiClientTests.swift; sourceTree = "<group>"; };
		2475E0C468760C2DAE1C894B /* StargazersViewMediator.swift */ = {isa = PBXFileReference; fileEncoding = 4; lastKnownFileType = sourcecode.swift; path = StargazersViewMediator.swift; sourceTree = "<group>"; };
		2475E15139800FB937012314 /* Base */ = {isa = PBXFileReference; lastKnownFileType = file.storyboard; name = Base; path = Base.lproj/LaunchScreen.storyboard; sourceTree = "<group>"; };
		2475E15A53F5DC95C1A18F2C /* StargazersInfiniteScrollController.swift */ = {isa = PBXFileReference; fileEncoding = 4; lastKnownFileType = sourcecode.swift; path = StargazersInfiniteScrollController.swift; sourceTree = "<group>"; };
		2475E168B20E5C501400CF73 /* R.generated.swift */ = {isa = PBXFileReference; fileEncoding = 4; lastKnownFileType = sourcecode.swift; path = R.generated.swift; sourceTree = "<group>"; };
		2475E17054E55DC60FBB0869 /* GitHubStargazerTests.swift */ = {isa = PBXFileReference; fileEncoding = 4; lastKnownFileType = sourcecode.swift; path = GitHubStargazerTests.swift; sourceTree = "<group>"; };
		2475E1A4E2B89145A865C025 /* Navigator.swift */ = {isa = PBXFileReference; fileEncoding = 4; lastKnownFileType = sourcecode.swift; path = Navigator.swift; sourceTree = "<group>"; };
		2475E239A933D1C6B11B77A3 /* TransparentViewController.swift */ = {isa = PBXFileReference; fileEncoding = 4; lastKnownFileType = sourcecode.swift; path = TransparentViewController.swift; sourceTree = "<group>"; };
		2475E26107E142D6CF5AAC43 /* VisualDecorator.swift */ = {isa = PBXFileReference; fileEncoding = 4; lastKnownFileType = sourcecode.swift; path = VisualDecorator.swift; sourceTree = "<group>"; };
		2475E2939E6563048AA378B3 /* RemoteImageSourceTests.swift */ = {isa = PBXFileReference; fileEncoding = 4; lastKnownFileType = sourcecode.swift; path = RemoteImageSourceTests.swift; sourceTree = "<group>"; };
		2475E29FA1DBCF20C012D776 /* PageRepositorySpy.swift */ = {isa = PBXFileReference; fileEncoding = 4; lastKnownFileType = sourcecode.swift; path = PageRepositorySpy.swift; sourceTree = "<group>"; };
		2475E2D3B67D9970FD6B94BF /* StargazerRepository.swift */ = {isa = PBXFileReference; fileEncoding = 4; lastKnownFileType = sourcecode.swift; path = StargazerRepository.swift; sourceTree = "<group>"; };
		2475E2F51CEB39BCDE5D9437 /* UserModelStub.swift */ = {isa = PBXFileReference; fileEncoding = 4; lastKnownFileType = sourcecode.swift; path = UserModelStub.swift; sourceTree = "<group>"; };
		2475E30AD0FB5158B660EB33 /* AsyncTestHelper.swift */ = {isa = PBXFileReference; fileEncoding = 4; lastKnownFileType = sourcecode.swift; path = AsyncTestHelper.swift; sourceTree = "<group>"; };
		2475E3A470C2B5148E96E222 /* PerformanceParameter.swift */ = {isa = PBXFileReference; fileEncoding = 4; lastKnownFileType = sourcecode.swift; path = PerformanceParameter.swift; sourceTree = "<group>"; };
		2475E3FCF9976BD662C10237 /* JsonReader.swift */ = {isa = PBXFileReference; fileEncoding = 4; lastKnownFileType = sourcecode.swift; name = JsonReader.swift; path = TestableDesignExampleTests/Resources/JsonReader.swift; sourceTree = SOURCE_ROOT; };
		2475E3FDADF2B0C6C13CE5E1 /* PageEndDetectionStrategyStub.swift */ = {isa = PBXFileReference; fileEncoding = 4; lastKnownFileType = sourcecode.swift; path = PageEndDetectionStrategyStub.swift; sourceTree = "<group>"; };
		2475E49AC1AFD52DCC81BE25 /* StargazerRepositoryStub.swift */ = {isa = PBXFileReference; fileEncoding = 4; lastKnownFileType = sourcecode.swift; path = StargazerRepositoryStub.swift; sourceTree = "<group>"; };
		2475E4D128866C453FAF4F53 /* UserViewMediator.swift */ = {isa = PBXFileReference; fileEncoding = 4; lastKnownFileType = sourcecode.swift; path = UserViewMediator.swift; sourceTree = "<group>"; };
		2475E52EE895096067C3AB7E /* TestableDesignExampleUITests.swift */ = {isa = PBXFileReference; lastKnownFileType = sourcecode.swift; path = TestableDesignExampleUITests.swift; sourceTree = "<group>"; };
		2475E53EEBB0B2F0A445AAC9 /* StargazersMvcComposerTests.swift */ = {isa = PBXFileReference; fileEncoding = 4; lastKnownFileType = sourcecode.swift; path = StargazersMvcComposerTests.swift; sourceTree = "<group>"; };
		2475E557348E1E9BB7330B3A /* PagingCursor.swift */ = {isa = PBXFileReference; fileEncoding = 4; lastKnownFileType = sourcecode.swift; path = PagingCursor.swift; sourceTree = "<group>"; };
		2475E5AD62D5E53E91973FEB /* R.generatedTests.swift */ = {isa = PBXFileReference; fileEncoding = 4; lastKnownFileType = sourcecode.swift; path = R.generatedTests.swift; sourceTree = "<group>"; };
		2475E5B4D098FE6945B3F148 /* sample.png */ = {isa = PBXFileReference; lastKnownFileType = image.png; path = sample.png; sourceTree = "<group>"; };
		2475E5D99B9F60DA1B351438 /* UrlOpenerSpy.swift */ = {isa = PBXFileReference; fileEncoding = 4; lastKnownFileType = sourcecode.swift; path = UrlOpenerSpy.swift; sourceTree = "<group>"; };
		2475E5DE74FBBF39D4066F9F /* ModalPresenterStub.swift */ = {isa = PBXFileReference; fileEncoding = 4; lastKnownFileType = sourcecode.swift; path = ModalPresenterStub.swift; sourceTree = "<group>"; };
		2475E61C2790095308271957 /* ModalDissolverSpy.swift */ = {isa = PBXFileReference; fileEncoding = 4; lastKnownFileType = sourcecode.swift; path = ModalDissolverSpy.swift; sourceTree = "<group>"; };
		2475E6244DDBD595E9FCA79A /* StargazersModelStub.swift */ = {isa = PBXFileReference; fileEncoding = 4; lastKnownFileType = sourcecode.swift; path = StargazersModelStub.swift; sourceTree = "<group>"; };
		2475E62C84D772E7C978BBEE /* StargazersScreenRootView.swift */ = {isa = PBXFileReference; fileEncoding = 4; lastKnownFileType = sourcecode.swift; path = StargazersScreenRootView.swift; sourceTree = "<group>"; };
		2475E633D1D5C9D0166E0EF1 /* FontRegistry.swift */ = {isa = PBXFileReference; fileEncoding = 4; lastKnownFileType = sourcecode.swift; path = FontRegistry.swift; sourceTree = "<group>"; };
		2475E6654583784DB2FAC099 /* user.json */ = {isa = PBXFileReference; fileEncoding = 4; lastKnownFileType = text.json; path = user.json; sourceTree = "<group>"; };
		2475E67AF3F104CABDC6A755 /* UserScreenRootView.swift */ = {isa = PBXFileReference; fileEncoding = 4; lastKnownFileType = sourcecode.swift; path = UserScreenRootView.swift; sourceTree = "<group>"; };
		2475E686AF0E489B78CE12D8 /* PageElementCountStrategy.swift */ = {isa = PBXFileReference; fileEncoding = 4; lastKnownFileType = sourcecode.swift; path = PageElementCountStrategy.swift; sourceTree = "<group>"; };
		2475E6904F2577E36489E9DF /* Info.plist */ = {isa = PBXFileReference; lastKnownFileType = text.plist.info; path = Info.plist; sourceTree = "<group>"; };
		2475E6CC4A27B8058F8CAE7F /* UserMvcComposer.swift */ = {isa = PBXFileReference; fileEncoding = 4; lastKnownFileType = sourcecode.swift; path = UserMvcComposer.swift; sourceTree = "<group>"; };
		2475E6DC10E68D586EF9C728 /* TitleHolder.swift */ = {isa = PBXFileReference; fileEncoding = 4; lastKnownFileType = sourcecode.swift; path = TitleHolder.swift; sourceTree = "<group>"; };
		2475E6DFB3857B78D5216317 /* GitHubApiEndpointTests.swift */ = {isa = PBXFileReference; fileEncoding = 4; lastKnownFileType = sourcecode.swift; path = GitHubApiEndpointTests.swift; sourceTree = "<group>"; };
		2475E767B5CB5B7E0C0B0A6E /* RemoteImageSource.swift */ = {isa = PBXFileReference; fileEncoding = 4; lastKnownFileType = sourcecode.swift; path = RemoteImageSource.swift; sourceTree = "<group>"; };
		2475E7ECB9C6033E2222F3D9 /* PagingCursorTests.swift */ = {isa = PBXFileReference; fileEncoding = 4; lastKnownFileType = sourcecode.swift; path = PagingCursorTests.swift; sourceTree = "<group>"; };
		2475E8757F392A3269C299DC /* AnyError.swift */ = {isa = PBXFileReference; fileEncoding = 4; lastKnownFileType = sourcecode.swift; path = AnyError.swift; sourceTree = "<group>"; };
		2475E892E746679C895D57CC /* StargazersControllerMediator.swift */ = {isa = PBXFileReference; fileEncoding = 4; lastKnownFileType = sourcecode.swift; path = StargazersControllerMediator.swift; sourceTree = "<group>"; };
		2475E959F2DC065D45D7855A /* BagStub.swift */ = {isa = PBXFileReference; fileEncoding = 4; lastKnownFileType = sourcecode.swift; path = BagStub.swift; sourceTree = "<group>"; };
		2475E96540D7FDFD907E38A1 /* GitHubUser.swift */ = {isa = PBXFileReference; fileEncoding = 4; lastKnownFileType = sourcecode.swift; path = GitHubUser.swift; sourceTree = "<group>"; };
		2475E9701455B0421AAF96DF /* PagingModelTests.swift */ = {isa = PBXFileReference; fileEncoding = 4; lastKnownFileType = sourcecode.swift; path = PagingModelTests.swift; sourceTree = "<group>"; };
		2475E99206AD0AA53E23C74F /* FontRegistryTests.swift */ = {isa = PBXFileReference; fileEncoding = 4; lastKnownFileType = sourcecode.swift; path = FontRegistryTests.swift; sourceTree = "<group>"; };
		2475E9BB7111AF583D00867E /* UrlOpener.swift */ = {isa = PBXFileReference; fileEncoding = 4; lastKnownFileType = sourcecode.swift; path = UrlOpener.swift; sourceTree = "<group>"; };
		2475E9C17E4BBC136112F1C3 /* GitHubRepository.swift */ = {isa = PBXFileReference; fileEncoding = 4; lastKnownFileType = sourcecode.swift; path = GitHubRepository.swift; sourceTree = "<group>"; };
		2475E9F9C6BB7D41F55161A7 /* GitHubApiClient.swift */ = {isa = PBXFileReference; fileEncoding = 4; lastKnownFileType = sourcecode.swift; path = GitHubApiClient.swift; sourceTree = "<group>"; };
		2475E9FD342D791575BDC09E /* Bag.swift */ = {isa = PBXFileReference; fileEncoding = 4; lastKnownFileType = sourcecode.swift; path = Bag.swift; sourceTree = "<group>"; };
		2475EA1E27954B386919C01B /* NavigatorSpy.swift */ = {isa = PBXFileReference; fileEncoding = 4; lastKnownFileType = sourcecode.swift; path = NavigatorSpy.swift; sourceTree = "<group>"; };
		2475EA23F072080B484A2B68 /* FilledLayout.swift */ = {isa = PBXFileReference; fileEncoding = 4; lastKnownFileType = sourcecode.swift; path = FilledLayout.swift; sourceTree = "<group>"; };
		2475EA2A64644BB49F373AF2 /* RootViewControllerHolderSpy.swift */ = {isa = PBXFileReference; fileEncoding = 4; lastKnownFileType = sourcecode.swift; path = RootViewControllerHolderSpy.swift; sourceTree = "<group>"; };
		2475EA6CE7CCD06FE9AAE392 /* PageEndDetectionStrategy.swift */ = {isa = PBXFileReference; fileEncoding = 4; lastKnownFileType = sourcecode.swift; path = PageEndDetectionStrategy.swift; sourceTree = "<group>"; };
		2475EA8A1CD58D89A6FC8E3E /* StargazersModel.swift */ = {isa = PBXFileReference; fileEncoding = 4; lastKnownFileType = sourcecode.swift; path = StargazersModel.swift; sourceTree = "<group>"; };
		2475EA9AAFF3FDC512301D94 /* GitHubStargazer.swift */ = {isa = PBXFileReference; fileEncoding = 4; lastKnownFileType = sourcecode.swift; path = GitHubStargazer.swift; sourceTree = "<group>"; };
		2475EAAA03A6CC33D5660297 /* GitHubApiClientStub.swift */ = {isa = PBXFileReference; fileEncoding = 4; lastKnownFileType = sourcecode.swift; path = GitHubApiClientStub.swift; sourceTree = "<group>"; };
		2475EAAA66CB3DAD638AA305 /* ReverseNavigatorSpy.swift */ = {isa = PBXFileReference; fileEncoding = 4; lastKnownFileType = sourcecode.swift; path = ReverseNavigatorSpy.swift; sourceTree = "<group>"; };
		2475EAF2B59691052DE46C74 /* GlobalModalPresenterSpy.swift */ = {isa = PBXFileReference; fileEncoding = 4; lastKnownFileType = sourcecode.swift; path = GlobalModalPresenterSpy.swift; sourceTree = "<group>"; };
		2475EB0538815443EF52BD61 /* GlobalModalPresenterTests.swift */ = {isa = PBXFileReference; fileEncoding = 4; lastKnownFileType = sourcecode.swift; path = GlobalModalPresenterTests.swift; sourceTree = "<group>"; };
		2475EB1D83DE4FF87B26603C /* UrlOpenerStub.swift */ = {isa = PBXFileReference; fileEncoding = 4; lastKnownFileType = sourcecode.swift; path = UrlOpenerStub.swift; sourceTree = "<group>"; };
		2475EB38628EF03DCAD17F84 /* FatalErrorViewController.swift */ = {isa = PBXFileReference; fileEncoding = 4; lastKnownFileType = sourcecode.swift; path = FatalErrorViewController.swift; sourceTree = "<group>"; };
		2475EB76686921C7DDEC4FB2 /* GlobalModalPresenter.swift */ = {isa = PBXFileReference; fileEncoding = 4; lastKnownFileType = sourcecode.swift; path = GlobalModalPresenter.swift; sourceTree = "<group>"; };
		2475EB8F747467F3FEE96748 /* RootNavigator.swift */ = {isa = PBXFileReference; fileEncoding = 4; lastKnownFileType = sourcecode.swift; path = RootNavigator.swift; sourceTree = "<group>"; };
		2475EBC20C528C65C22AC76E /* PageRepositoryStub.swift */ = {isa = PBXFileReference; fileEncoding = 4; lastKnownFileType = sourcecode.swift; path = PageRepositoryStub.swift; sourceTree = "<group>"; };
		2475EC038B0F4DFB5B9D39D6 /* ModalDissolver.swift */ = {isa = PBXFileReference; fileEncoding = 4; lastKnownFileType = sourcecode.swift; path = ModalDissolver.swift; sourceTree = "<group>"; };
		2475EC3A6667F8553C23CB2C /* GitHubApiEndpoint.swift */ = {isa = PBXFileReference; fileEncoding = 4; lastKnownFileType = sourcecode.swift; path = GitHubApiEndpoint.swift; sourceTree = "<group>"; };
		2475EC69DBF799CBC5577694 /* RootViewControllerHolderStub.swift */ = {isa = PBXFileReference; fileEncoding = 4; lastKnownFileType = sourcecode.swift; path = RootViewControllerHolderStub.swift; sourceTree = "<group>"; };
		2475EC7516DF00CF3095186A /* StargazersModelTests.swift */ = {isa = PBXFileReference; fileEncoding = 4; lastKnownFileType = sourcecode.swift; path = StargazersModelTests.swift; sourceTree = "<group>"; };
		2475EC9C2015DE0B2627E623 /* TestableDesignExampleTests.xctest */ = {isa = PBXFileReference; explicitFileType = wrapper.cfbundle; includeInIndex = 0; path = TestableDesignExampleTests.xctest; sourceTree = BUILT_PRODUCTS_DIR; };
		2475ECEADCC16CF800154CD5 /* UserModel.swift */ = {isa = PBXFileReference; fileEncoding = 4; lastKnownFileType = sourcecode.swift; path = UserModel.swift; sourceTree = "<group>"; };
		2475ED0DAFBC67961CB850A6 /* Info.plist */ = {isa = PBXFileReference; lastKnownFileType = text.plist.info; path = Info.plist; sourceTree = "<group>"; };
		2475ED57920DD74087264FC7 /* TestableDesignExample.app */ = {isa = PBXFileReference; explicitFileType = wrapper.application; includeInIndex = 0; path = TestableDesignExample.app; sourceTree = BUILT_PRODUCTS_DIR; };
		2475ED639ECF55577329F9D9 /* TestableDesignExampleUITests.xctest */ = {isa = PBXFileReference; explicitFileType = wrapper.cfbundle; includeInIndex = 0; path = TestableDesignExampleUITests.xctest; sourceTree = BUILT_PRODUCTS_DIR; };
		2475EDAB59CE5A5E99A03E61 /* Assets.xcassets */ = {isa = PBXFileReference; lastKnownFileType = folder.assetcatalog; path = Assets.xcassets; sourceTree = "<group>"; };
		2475EDCC6EF19D685E2CF838 /* GlobalModalPresenterStub.swift */ = {isa = PBXFileReference; fileEncoding = 4; lastKnownFileType = sourcecode.swift; path = GlobalModalPresenterStub.swift; sourceTree = "<group>"; };
		2475EDEF357B21E401A94659 /* UserMvcComposerTests.swift */ = {isa = PBXFileReference; fileEncoding = 4; lastKnownFileType = sourcecode.swift; path = UserMvcComposerTests.swift; sourceTree = "<group>"; };
		2475EE00EDD7E12FE4F3158F /* PagedElementCollection.swift */ = {isa = PBXFileReference; fileEncoding = 4; lastKnownFileType = sourcecode.swift; path = PagedElementCollection.swift; sourceTree = "<group>"; };
		2475EE1B5C297CBB2DB792F7 /* PagingModel.swift */ = {isa = PBXFileReference; fileEncoding = 4; lastKnownFileType = sourcecode.swift; path = PagingModel.swift; sourceTree = "<group>"; };
		2475EE3B480C7B64EE488ED0 /* RootViewControllerHolder.swift */ = {isa = PBXFileReference; fileEncoding = 4; lastKnownFileType = sourcecode.swift; path = RootViewControllerHolder.swift; sourceTree = "<group>"; };
		2475EE7E92AA265C15A8AB02 /* Info.plist */ = {isa = PBXFileReference; lastKnownFileType = text.plist.info; path = Info.plist; sourceTree = "<group>"; };
		2475EE88C83579435E9F67BA /* ColorCatalog.swift */ = {isa = PBXFileReference; fileEncoding = 4; lastKnownFileType = sourcecode.swift; path = ColorCatalog.swift; sourceTree = "<group>"; };
		2475EF074C2A57218C33A52B /* PageRepository.swift */ = {isa = PBXFileReference; fileEncoding = 4; lastKnownFileType = sourcecode.swift; path = PageRepository.swift; sourceTree = "<group>"; };
		2475EF639EA034BCC0C26512 /* octicons.ttf */ = {isa = PBXFileReference; lastKnownFileType = file.ttf; name = octicons.ttf; path = Resources/octicons.ttf; sourceTree = "<group>"; };
		2475EF84CC9B5F09D2C30317 /* ModalDissolverStub.swift */ = {isa = PBXFileReference; fileEncoding = 4; lastKnownFileType = sourcecode.swift; path = ModalDissolverStub.swift; sourceTree = "<group>"; };
		2475EF96132C6C3CF90DC90E /* ReverseNavigatorStub.swift */ = {isa = PBXFileReference; fileEncoding = 4; lastKnownFileType = sourcecode.swift; path = ReverseNavigatorStub.swift; sourceTree = "<group>"; };
		2475EF9C786B34F42182126A /* NavigatorStub.swift */ = {isa = PBXFileReference; fileEncoding = 4; lastKnownFileType = sourcecode.swift; path = NavigatorStub.swift; sourceTree = "<group>"; };
		2475EFA520E17DA4BAB59AA9 /* SpyViewController.swift */ = {isa = PBXFileReference; fileEncoding = 4; lastKnownFileType = sourcecode.swift; path = SpyViewController.swift; sourceTree = "<group>"; };
		2475EFC5E1532F9230A85D82 /* reposStargazers.json */ = {isa = PBXFileReference; fileEncoding = 4; lastKnownFileType = text.json; path = reposStargazers.json; sourceTree = "<group>"; };
		6292A2AF1F60D821001A7172 /* UserScreenRootView.xib */ = {isa = PBXFileReference; fileEncoding = 4; lastKnownFileType = file.xib; path = UserScreenRootView.xib; sourceTree = "<group>"; };
		6292A2B11F60E902001A7172 /* StargazersScreenRootView.xib */ = {isa = PBXFileReference; fileEncoding = 4; lastKnownFileType = file.xib; path = StargazersScreenRootView.xib; sourceTree = "<group>"; };
		62A161471E73BCD4003D28DC /* Rswift.framework */ = {isa = PBXFileReference; lastKnownFileType = wrapper.framework; name = Rswift.framework; path = Carthage/Build/iOS/Rswift.framework; sourceTree = "<group>"; };
		62A1614B1E73C1CC003D28DC /* RxBlocking.framework */ = {isa = PBXFileReference; lastKnownFileType = wrapper.framework; name = RxBlocking.framework; path = Carthage/Build/iOS/RxBlocking.framework; sourceTree = "<group>"; };
		62A1614C1E73C1CC003D28DC /* RxTest.framework */ = {isa = PBXFileReference; lastKnownFileType = wrapper.framework; name = RxTest.framework; path = Carthage/Build/iOS/RxTest.framework; sourceTree = "<group>"; };
		62A161501E73C259003D28DC /* RxSwift.framework */ = {isa = PBXFileReference; lastKnownFileType = wrapper.framework; name = RxSwift.framework; path = Carthage/Build/iOS/RxSwift.framework; sourceTree = "<group>"; };
		62A161521E73C272003D28DC /* XLPagerTabStrip.framework.dSYM */ = {isa = PBXFileReference; lastKnownFileType = wrapper.dsym; name = XLPagerTabStrip.framework.dSYM; path = Carthage/Build/iOS/XLPagerTabStrip.framework.dSYM; sourceTree = "<group>"; };
		62A161541E73C8FE003D28DC /* XLPagerTabStrip.framework */ = {isa = PBXFileReference; lastKnownFileType = wrapper.framework; name = XLPagerTabStrip.framework; path = Carthage/Build/iOS/XLPagerTabStrip.framework; sourceTree = "<group>"; };
		62A161561E73C923003D28DC /* MirrorDiffKit.framework */ = {isa = PBXFileReference; lastKnownFileType = wrapper.framework; name = MirrorDiffKit.framework; path = Carthage/Build/iOS/MirrorDiffKit.framework; sourceTree = "<group>"; };
		62A161591E73C9ED003D28DC /* R.generated.swift */ = {isa = PBXFileReference; fileEncoding = 4; lastKnownFileType = sourcecode.swift; name = R.generated.swift; path = Resources/R.generated.swift; sourceTree = "<group>"; };
		62A1615B1E73E1B9003D28DC /* PromiseKit.framework.dSYM */ = {isa = PBXFileReference; lastKnownFileType = wrapper.dsym; name = PromiseKit.framework.dSYM; path = Carthage/Build/iOS/PromiseKit.framework.dSYM; sourceTree = "<group>"; };
		62A1615C1E73E1B9003D28DC /* Unbox.framework.dSYM */ = {isa = PBXFileReference; lastKnownFileType = wrapper.dsym; name = Unbox.framework.dSYM; path = Carthage/Build/iOS/Unbox.framework.dSYM; sourceTree = "<group>"; };
		62A1615F1E73E1CE003D28DC /* PromiseKit.framework */ = {isa = PBXFileReference; lastKnownFileType = wrapper.framework; name = PromiseKit.framework; path = Carthage/Build/iOS/PromiseKit.framework; sourceTree = "<group>"; };
		62A161601E73E1CE003D28DC /* Unbox.framework */ = {isa = PBXFileReference; lastKnownFileType = wrapper.framework; name = Unbox.framework; path = Carthage/Build/iOS/Unbox.framework; sourceTree = "<group>"; };
		62A161641E74129A003D28DC /* Security.framework */ = {isa = PBXFileReference; lastKnownFileType = wrapper.framework; name = Security.framework; path = System/Library/Frameworks/Security.framework; sourceTree = SDKROOT; };
		62A161661E741634003D28DC /* KeychainAccess.framework.dSYM */ = {isa = PBXFileReference; lastKnownFileType = wrapper.dsym; name = KeychainAccess.framework.dSYM; path = Carthage/Build/iOS/KeychainAccess.framework.dSYM; sourceTree = "<group>"; };
		62A161691E74165E003D28DC /* KeychainAccess.framework */ = {isa = PBXFileReference; lastKnownFileType = wrapper.framework; name = KeychainAccess.framework; path = Carthage/Build/iOS/KeychainAccess.framework; sourceTree = "<group>"; };
		62A1616B1E741761003D28DC /* Result.framework */ = {isa = PBXFileReference; lastKnownFileType = wrapper.framework; name = Result.framework; path = Carthage/Build/iOS/Result.framework; sourceTree = "<group>"; };
		62A1616D1E743EF2003D28DC /* StargazerCell.xib */ = {isa = PBXFileReference; fileEncoding = 4; lastKnownFileType = file.xib; path = StargazerCell.xib; sourceTree = "<group>"; };
		62A1616F1E7440FE003D28DC /* StargazerCell.swift */ = {isa = PBXFileReference; fileEncoding = 4; lastKnownFileType = sourcecode.swift; path = StargazerCell.swift; sourceTree = "<group>"; };
		62A161731E744812003D28DC /* StargazersMvcComposer.swift */ = {isa = PBXFileReference; fileEncoding = 4; lastKnownFileType = sourcecode.swift; path = StargazersMvcComposer.swift; sourceTree = "<group>"; };
		62A161771E746105003D28DC /* FatalErrorScreen.storyboard */ = {isa = PBXFileReference; fileEncoding = 4; lastKnownFileType = file.storyboard; path = FatalErrorScreen.storyboard; sourceTree = "<group>"; };
/* End PBXFileReference section */

/* Begin PBXFrameworksBuildPhase section */
		2475E453DC8D6CC645172E24 /* Frameworks */ = {
			isa = PBXFrameworksBuildPhase;
			buildActionMask = 2147483647;
			files = (
				62A1616C1E741761003D28DC /* Result.framework in Frameworks */,
				62A161681E74164A003D28DC /* Rswift.framework in Frameworks */,
				62A161611E73E1CE003D28DC /* PromiseKit.framework in Frameworks */,
				62A161621E73E1CE003D28DC /* Unbox.framework in Frameworks */,
				62A161511E73C259003D28DC /* RxSwift.framework in Frameworks */,
			);
			runOnlyForDeploymentPostprocessing = 0;
		};
		2475E64DAD11CBB0BA0D46A3 /* Frameworks */ = {
			isa = PBXFrameworksBuildPhase;
			buildActionMask = 2147483647;
			files = (
				62A161571E73C923003D28DC /* MirrorDiffKit.framework in Frameworks */,
				62A1614D1E73C1CC003D28DC /* RxBlocking.framework in Frameworks */,
				62A1614E1E73C1CC003D28DC /* RxTest.framework in Frameworks */,
			);
			runOnlyForDeploymentPostprocessing = 0;
		};
		2475EAB479B702E5AADB4B7A /* Frameworks */ = {
			isa = PBXFrameworksBuildPhase;
			buildActionMask = 2147483647;
			files = (
			);
			runOnlyForDeploymentPostprocessing = 0;
		};
/* End PBXFrameworksBuildPhase section */

/* Begin PBXGroup section */
		2475E03D39E9FDB714DC39B2 /* Stargazers */ = {
			isa = PBXGroup;
			children = (
				2475EA8A1CD58D89A6FC8E3E /* StargazersModel.swift */,
				2475E2D3B67D9970FD6B94BF /* StargazerRepository.swift */,
				62A1616D1E743EF2003D28DC /* StargazerCell.xib */,
				62A1616F1E7440FE003D28DC /* StargazerCell.swift */,
				62A161731E744812003D28DC /* StargazersMvcComposer.swift */,
				2475E0C468760C2DAE1C894B /* StargazersViewMediator.swift */,
				2475E892E746679C895D57CC /* StargazersControllerMediator.swift */,
				2475E49AC1AFD52DCC81BE25 /* StargazerRepositoryStub.swift */,
				2475E53EEBB0B2F0A445AAC9 /* StargazersMvcComposerTests.swift */,
				2475EC7516DF00CF3095186A /* StargazersModelTests.swift */,
				2475E6244DDBD595E9FCA79A /* StargazersModelStub.swift */,
				2475E15A53F5DC95C1A18F2C /* StargazersInfiniteScrollController.swift */,
				2475E62C84D772E7C978BBEE /* StargazersScreenRootView.swift */,
				6292A2B11F60E902001A7172 /* StargazersScreenRootView.xib */,
			);
			path = Stargazers;
			sourceTree = "<group>";
		};
		2475E087ABE573EBFD40B60E /* Paging */ = {
			isa = PBXGroup;
			children = (
				2475EE1B5C297CBB2DB792F7 /* PagingModel.swift */,
				2475E026EF95F2C30727924A /* PageEndDirection.swift */,
				2475E557348E1E9BB7330B3A /* PagingCursor.swift */,
				2475E7ECB9C6033E2222F3D9 /* PagingCursorTests.swift */,
				2475EF074C2A57218C33A52B /* PageRepository.swift */,
				2475EE00EDD7E12FE4F3158F /* PagedElementCollection.swift */,
				2475EA6CE7CCD06FE9AAE392 /* PageEndDetectionStrategy.swift */,
				2475E9701455B0421AAF96DF /* PagingModelTests.swift */,
				2475EBC20C528C65C22AC76E /* PageRepositoryStub.swift */,
				2475E29FA1DBCF20C012D776 /* PageRepositorySpy.swift */,
				2475E3FDADF2B0C6C13CE5E1 /* PageEndDetectionStrategyStub.swift */,
				2475E686AF0E489B78CE12D8 /* PageElementCountStrategy.swift */,
			);
			path = Paging;
			sourceTree = "<group>";
		};
		2475E2F3D72A9EDDB3A5123C /* TestableDesignExample */ = {
			isa = PBXGroup;
			children = (
				62A161581E73C9D6003D28DC /* Resources */,
				2475EE7E92AA265C15A8AB02 /* Info.plist */,
				2475EDAB59CE5A5E99A03E61 /* Assets.xcassets */,
				2475E33610A7BBD163657C40 /* LaunchScreen.storyboard */,
				2475E00BE716C34F1495A4DE /* AppDelegate.swift */,
				2475E54EC10A2464951D9E0E /* GitHub */,
				2475E5EC0F374F1A0A942DF7 /* MvcArchitecture */,
				2475E5C8A7D05E3006441DDA /* UIKitTestable */,
				2475E26107E142D6CF5AAC43 /* VisualDecorator.swift */,
				2475EE88C83579435E9F67BA /* ColorCatalog.swift */,
				2475E767B5CB5B7E0C0B0A6E /* RemoteImageSource.swift */,
				2475E2939E6563048AA378B3 /* RemoteImageSourceTests.swift */,
				2475E8757F392A3269C299DC /* AnyError.swift */,
				2475E6DC10E68D586EF9C728 /* TitleHolder.swift */,
				2475ED929826EEFF779C94F0 /* Layout */,
			);
			path = TestableDesignExample;
			sourceTree = "<group>";
		};
		2475E54EC10A2464951D9E0E /* GitHub */ = {
			isa = PBXGroup;
			children = (
				2475E9F9C6BB7D41F55161A7 /* GitHubApiClient.swift */,
				2475E9C17E4BBC136112F1C3 /* GitHubRepository.swift */,
				2475EA9AAFF3FDC512301D94 /* GitHubStargazer.swift */,
				2475E96540D7FDFD907E38A1 /* GitHubUser.swift */,
				2475EAAA03A6CC33D5660297 /* GitHubApiClientStub.swift */,
				2475E0A01A4162606F18EA04 /* GitHubApiClientTests.swift */,
				2475E17054E55DC60FBB0869 /* GitHubStargazerTests.swift */,
				2475EC3A6667F8553C23CB2C /* GitHubApiEndpoint.swift */,
				2475E6DFB3857B78D5216317 /* GitHubApiEndpointTests.swift */,
			);
			path = GitHub;
			sourceTree = "<group>";
		};
		2475E5C8A7D05E3006441DDA /* UIKitTestable */ = {
			isa = PBXGroup;
			children = (
				2475E1A4E2B89145A865C025 /* Navigator.swift */,
				2475E9BB7111AF583D00867E /* UrlOpener.swift */,
				2475E01DE6FDD5A3028F1B32 /* TestNavigator.swift */,
				2475EF9C786B34F42182126A /* NavigatorStub.swift */,
				2475E04E8578411420D30C66 /* ModalPresenter.swift */,
				2475E5DE74FBBF39D4066F9F /* ModalPresenterStub.swift */,
				2475E0863654DCA22B752989 /* ModalPresenterSpy.swift */,
				2475EA1E27954B386919C01B /* NavigatorSpy.swift */,
				2475EB1D83DE4FF87B26603C /* UrlOpenerStub.swift */,
				2475E5D99B9F60DA1B351438 /* UrlOpenerSpy.swift */,
				2475EB76686921C7DDEC4FB2 /* GlobalModalPresenter.swift */,
				2475E239A933D1C6B11B77A3 /* TransparentViewController.swift */,
				2475EC038B0F4DFB5B9D39D6 /* ModalDissolver.swift */,
				2475EF84CC9B5F09D2C30317 /* ModalDissolverStub.swift */,
				2475E61C2790095308271957 /* ModalDissolverSpy.swift */,
				2475E057BF183CFFA06D8FA3 /* ReverseNavigator.swift */,
				2475EF96132C6C3CF90DC90E /* ReverseNavigatorStub.swift */,
				2475EAAA66CB3DAD638AA305 /* ReverseNavigatorSpy.swift */,
				2475EE3B480C7B64EE488ED0 /* RootViewControllerHolder.swift */,
				2475EC69DBF799CBC5577694 /* RootViewControllerHolderStub.swift */,
				2475EA2A64644BB49F373AF2 /* RootViewControllerHolderSpy.swift */,
				2475EB0538815443EF52BD61 /* GlobalModalPresenterTests.swift */,
				2475EFA520E17DA4BAB59AA9 /* SpyViewController.swift */,
				2475EDCC6EF19D685E2CF838 /* GlobalModalPresenterStub.swift */,
				2475EAF2B59691052DE46C74 /* GlobalModalPresenterSpy.swift */,
			);
			path = UIKitTestable;
			sourceTree = "<group>";
		};
		2475E5EC0F374F1A0A942DF7 /* MvcArchitecture */ = {
			isa = PBXGroup;
			children = (
				2475E03D39E9FDB714DC39B2 /* Stargazers */,
				2475EAB52F50FA3341C7D551 /* FatalError */,
				2475EA25575CDC3E6312B17A /* User */,
				2475E087ABE573EBFD40B60E /* Paging */,
				2475E9FD342D791575BDC09E /* Bag.swift */,
				2475E959F2DC065D45D7855A /* BagStub.swift */,
				2475E3A470C2B5148E96E222 /* PerformanceParameter.swift */,
				2475EB8F747467F3FEE96748 /* RootNavigator.swift */,
				2475EDCE4A5C1CC4354857A7 /* Bootstrap */,
			);
			path = MvcArchitecture;
			sourceTree = "<group>";
		};
		2475E6024DA77F14399A3109 = {
			isa = PBXGroup;
			children = (
				2475E681FAAFE01165145F3E /* Products */,
				2475E2F3D72A9EDDB3A5123C /* TestableDesignExample */,
				2475E927630C40FFEC2AE23B /* TestableDesignExampleTests */,
				2475EE09DDDD552BE88E9783 /* TestableDesignExampleUITests */,
				62A161461E73BCD4003D28DC /* Frameworks */,
			);
			sourceTree = "<group>";
		};
		2475E681FAAFE01165145F3E /* Products */ = {
			isa = PBXGroup;
			children = (
				2475ED57920DD74087264FC7 /* TestableDesignExample.app */,
				2475EC9C2015DE0B2627E623 /* TestableDesignExampleTests.xctest */,
				2475ED639ECF55577329F9D9 /* TestableDesignExampleUITests.xctest */,
			);
			name = Products;
			sourceTree = "<group>";
		};
		2475E78E8A799A5629169418 /* Images */ = {
			isa = PBXGroup;
			children = (
				2475E5B4D098FE6945B3F148 /* sample.png */,
			);
			path = Images;
			sourceTree = "<group>";
		};
		2475E927630C40FFEC2AE23B /* TestableDesignExampleTests */ = {
			isa = PBXGroup;
			children = (
				2475E6904F2577E36489E9DF /* Info.plist */,
				2475ED210F997869A67B226E /* Resources */,
				2475E30AD0FB5158B660EB33 /* AsyncTestHelper.swift */,
			);
			path = TestableDesignExampleTests;
			sourceTree = "<group>";
		};
		2475EA25575CDC3E6312B17A /* User */ = {
			isa = PBXGroup;
			children = (
				2475E6CC4A27B8058F8CAE7F /* UserMvcComposer.swift */,
				2475EDEF357B21E401A94659 /* UserMvcComposerTests.swift */,
				2475ECEADCC16CF800154CD5 /* UserModel.swift */,
				2475E4D128866C453FAF4F53 /* UserViewMediator.swift */,
				2475E2F51CEB39BCDE5D9437 /* UserModelStub.swift */,
				6292A2AF1F60D821001A7172 /* UserScreenRootView.xib */,
				2475E67AF3F104CABDC6A755 /* UserScreenRootView.swift */,
			);
			path = User;
			sourceTree = "<group>";
		};
		2475EA63CB4B9D46A794B01A /* Json */ = {
			isa = PBXGroup;
			children = (
				2475E6654583784DB2FAC099 /* user.json */,
				2475EFC5E1532F9230A85D82 /* reposStargazers.json */,
			);
			path = Json;
			sourceTree = "<group>";
		};
		2475EAB52F50FA3341C7D551 /* FatalError */ = {
			isa = PBXGroup;
			children = (
				2475EB38628EF03DCAD17F84 /* FatalErrorViewController.swift */,
				62A161771E746105003D28DC /* FatalErrorScreen.storyboard */,
			);
			path = FatalError;
			sourceTree = "<group>";
		};
		2475ED210F997869A67B226E /* Resources */ = {
			isa = PBXGroup;
			children = (
				2475EA63CB4B9D46A794B01A /* Json */,
				2475E168B20E5C501400CF73 /* R.generated.swift */,
				2475E78E8A799A5629169418 /* Images */,
			);
			path = Resources;
			sourceTree = "<group>";
		};
		2475ED929826EEFF779C94F0 /* Layout */ = {
			isa = PBXGroup;
			children = (
				2475EA23F072080B484A2B68 /* FilledLayout.swift */,
			);
			path = Layout;
			sourceTree = "<group>";
		};
		2475EDCE4A5C1CC4354857A7 /* Bootstrap */ = {
			isa = PBXGroup;
			children = (
			);
			path = Bootstrap;
			sourceTree = "<group>";
		};
		2475EE09DDDD552BE88E9783 /* TestableDesignExampleUITests */ = {
			isa = PBXGroup;
			children = (
				2475ED0DAFBC67961CB850A6 /* Info.plist */,
				2475E52EE895096067C3AB7E /* TestableDesignExampleUITests.swift */,
			);
			path = TestableDesignExampleUITests;
			sourceTree = "<group>";
		};
		62A161461E73BCD4003D28DC /* Frameworks */ = {
			isa = PBXGroup;
			children = (
				62A1616B1E741761003D28DC /* Result.framework */,
				62A161691E74165E003D28DC /* KeychainAccess.framework */,
				62A161661E741634003D28DC /* KeychainAccess.framework.dSYM */,
				62A161641E74129A003D28DC /* Security.framework */,
				62A1615F1E73E1CE003D28DC /* PromiseKit.framework */,
				62A161601E73E1CE003D28DC /* Unbox.framework */,
				62A1615B1E73E1B9003D28DC /* PromiseKit.framework.dSYM */,
				62A1615C1E73E1B9003D28DC /* Unbox.framework.dSYM */,
				62A161561E73C923003D28DC /* MirrorDiffKit.framework */,
				62A161541E73C8FE003D28DC /* XLPagerTabStrip.framework */,
				62A161521E73C272003D28DC /* XLPagerTabStrip.framework.dSYM */,
				62A161501E73C259003D28DC /* RxSwift.framework */,
				62A1614B1E73C1CC003D28DC /* RxBlocking.framework */,
				62A1614C1E73C1CC003D28DC /* RxTest.framework */,
				62A161471E73BCD4003D28DC /* Rswift.framework */,
			);
			name = Frameworks;
			sourceTree = "<group>";
		};
		62A161581E73C9D6003D28DC /* Resources */ = {
			isa = PBXGroup;
			children = (
				62A161591E73C9ED003D28DC /* R.generated.swift */,
				2475EF639EA034BCC0C26512 /* octicons.ttf */,
				2475E3FCF9976BD662C10237 /* JsonReader.swift */,
				2475E5AD62D5E53E91973FEB /* R.generatedTests.swift */,
				2475E633D1D5C9D0166E0EF1 /* FontRegistry.swift */,
				2475E99206AD0AA53E23C74F /* FontRegistryTests.swift */,
			);
			name = Resources;
			sourceTree = "<group>";
		};
/* End PBXGroup section */

/* Begin PBXNativeTarget section */
		2475E649AECAE4D1FBC505BA /* TestableDesignExampleTests */ = {
			isa = PBXNativeTarget;
			buildConfigurationList = 2475E16C50E63B0E2DE88092 /* Build configuration list for PBXNativeTarget "TestableDesignExampleTests" */;
			buildPhases = (
				62A161631E7408A4003D28DC /* ShellScript */,
				2475E4A0A6547D8CB0D6FC25 /* Sources */,
				2475E64DAD11CBB0BA0D46A3 /* Frameworks */,
				2475EF593B11C9178F25371E /* Resources */,
				62A1614F1E73C1D2003D28DC /* ShellScript */,
			);
			buildRules = (
			);
			dependencies = (
				2475EBD483C89366BF77A7AE /* PBXTargetDependency */,
			);
			name = TestableDesignExampleTests;
			productName = TestableDesignExampleTests;
			productReference = 2475EC9C2015DE0B2627E623 /* TestableDesignExampleTests.xctest */;
			productType = "com.apple.product-type.bundle.unit-test";
		};
		2475EAA9111BEB1BADAF4656 /* TestableDesignExampleUITests */ = {
			isa = PBXNativeTarget;
			buildConfigurationList = 2475E590EB59A1AAAA8451B7 /* Build configuration list for PBXNativeTarget "TestableDesignExampleUITests" */;
			buildPhases = (
				2475E102ED38529EDE59F247 /* Sources */,
				2475EAB479B702E5AADB4B7A /* Frameworks */,
				2475EF50A1201A71A821EC13 /* Resources */,
			);
			buildRules = (
			);
			dependencies = (
				2475E7D47894AD106A1B5F51 /* PBXTargetDependency */,
			);
			name = TestableDesignExampleUITests;
			productName = TestableDesignExampleUITests;
			productReference = 2475ED639ECF55577329F9D9 /* TestableDesignExampleUITests.xctest */;
			productType = "com.apple.product-type.bundle.ui-testing";
		};
		2475EE0376871EE7203E0C05 /* TestableDesignExample */ = {
			isa = PBXNativeTarget;
			buildConfigurationList = 2475E8BF3640622A9CBA90DF /* Build configuration list for PBXNativeTarget "TestableDesignExample" */;
			buildPhases = (
				62A1614A1E73BDC0003D28DC /* ShellScript */,
				2475E3C4099342668824F94A /* Sources */,
				2475E453DC8D6CC645172E24 /* Frameworks */,
				2475E69BA6DA525240196C0B /* Resources */,
				62A161491E73BD22003D28DC /* ShellScript */,
			);
			buildRules = (
			);
			dependencies = (
			);
			name = TestableDesignExample;
			productName = TestableDesignExample;
			productReference = 2475ED57920DD74087264FC7 /* TestableDesignExample.app */;
			productType = "com.apple.product-type.application";
		};
/* End PBXNativeTarget section */

/* Begin PBXProject section */
		2475E53F7AA653832B1EFE63 /* Project object */ = {
			isa = PBXProject;
			attributes = {
				LastUpgradeCheck = 0820;
				ORGANIZATIONNAME = Kuniwak;
				TargetAttributes = {
					2475EE0376871EE7203E0C05 = {
						DevelopmentTeam = 4KWK2Q5EB9;
					};
				};
			};
			buildConfigurationList = 2475E125D452A919E93092F4 /* Build configuration list for PBXProject "TestableDesignExample" */;
			compatibilityVersion = "Xcode 3.2";
			developmentRegion = English;
			hasScannedForEncodings = 0;
			knownRegions = (
				en,
			);
			mainGroup = 2475E6024DA77F14399A3109;
			productRefGroup = 2475E681FAAFE01165145F3E /* Products */;
			projectDirPath = "";
			projectRoot = "";
			targets = (
				2475EE0376871EE7203E0C05 /* TestableDesignExample */,
				2475E649AECAE4D1FBC505BA /* TestableDesignExampleTests */,
				2475EAA9111BEB1BADAF4656 /* TestableDesignExampleUITests */,
			);
		};
/* End PBXProject section */

/* Begin PBXResourcesBuildPhase section */
		2475E69BA6DA525240196C0B /* Resources */ = {
			isa = PBXResourcesBuildPhase;
			buildActionMask = 2147483647;
			files = (
				2475E184C491ECB5D4520C4D /* Assets.xcassets in Resources */,
				2475E9807E8143A4B3A751A5 /* LaunchScreen.storyboard in Resources */,
				6292A2B21F60E902001A7172 /* StargazersScreenRootView.xib in Resources */,
				6292A2B01F60D821001A7172 /* UserScreenRootView.xib in Resources */,
				62A1616E1E743EF2003D28DC /* StargazerCell.xib in Resources */,
				62A161781E746105003D28DC /* FatalErrorScreen.storyboard in Resources */,
				2475EF55555DE956BE7FBE56 /* octicons.ttf in Resources */,
			);
			runOnlyForDeploymentPostprocessing = 0;
		};
		2475EF50A1201A71A821EC13 /* Resources */ = {
			isa = PBXResourcesBuildPhase;
			buildActionMask = 2147483647;
			files = (
			);
			runOnlyForDeploymentPostprocessing = 0;
		};
		2475EF593B11C9178F25371E /* Resources */ = {
			isa = PBXResourcesBuildPhase;
			buildActionMask = 2147483647;
			files = (
				2475E35401AF1A0DDB75BCFB /* user.json in Resources */,
				2475EDC2FD509A53E43DEDA9 /* reposStargazers.json in Resources */,
				2475E04BEA86BF4B81C721C1 /* sample.png in Resources */,
			);
			runOnlyForDeploymentPostprocessing = 0;
		};
/* End PBXResourcesBuildPhase section */

/* Begin PBXShellScriptBuildPhase section */
		62A161491E73BD22003D28DC /* ShellScript */ = {
			isa = PBXShellScriptBuildPhase;
			buildActionMask = 2147483647;
			files = (
			);
			inputPaths = (
				"$(SRCROOT)/Carthage/Build/iOS/Rswift.framework",
				"$(SRCROOT)/Carthage/Build/iOS/Unbox.framework",
				"$(SRCROOT)/Carthage/Build/iOS/PromiseKit.framework",
				"$(SRCROOT)/Carthage/Build/iOS/Result.framework",
				"$(SRCROOT)/Carthage/Build/iOS/RxSwift.framework",
			);
			outputPaths = (
			);
			runOnlyForDeploymentPostprocessing = 0;
			shellPath = /bin/sh;
			shellScript = "/usr/local/bin/carthage copy-frameworks";
		};
		62A1614A1E73BDC0003D28DC /* ShellScript */ = {
			isa = PBXShellScriptBuildPhase;
			buildActionMask = 2147483647;
			files = (
			);
			inputPaths = (
			);
			outputPaths = (
			);
			runOnlyForDeploymentPostprocessing = 0;
			shellPath = /bin/sh;
			shellScript = "\"$SRCROOT/libexec/rswift\" \"$SRCROOT/TestableDesignExample/Resources/\"";
		};
		62A1614F1E73C1D2003D28DC /* ShellScript */ = {
			isa = PBXShellScriptBuildPhase;
			buildActionMask = 2147483647;
			files = (
			);
			inputPaths = (
				"$(SRCROOT)/Carthage/Build/iOS/RxTest.framework",
				"$(SRCROOT)/Carthage/Build/iOS/RxBlocking.framework",
				"$(SRCROOT)/Carthage/Build/iOS/MirrorDiffKit.framework",
			);
			outputPaths = (
			);
			runOnlyForDeploymentPostprocessing = 0;
			shellPath = /bin/sh;
			shellScript = "/usr/local/bin/carthage copy-frameworks";
		};
		62A161631E7408A4003D28DC /* ShellScript */ = {
			isa = PBXShellScriptBuildPhase;
			buildActionMask = 2147483647;
			files = (
			);
			inputPaths = (
			);
			outputPaths = (
			);
			runOnlyForDeploymentPostprocessing = 0;
			shellPath = /bin/sh;
			shellScript = "\"$SRCROOT/libexec/rswift\" \"$SRCROOT/TestableDesignExampleTests/Resources/\"";
		};
/* End PBXShellScriptBuildPhase section */

/* Begin PBXSourcesBuildPhase section */
		2475E102ED38529EDE59F247 /* Sources */ = {
			isa = PBXSourcesBuildPhase;
			buildActionMask = 2147483647;
			files = (
				2475ED052F280DF12FCC21BF /* TestableDesignExampleUITests.swift in Sources */,
			);
			runOnlyForDeploymentPostprocessing = 0;
		};
		2475E3C4099342668824F94A /* Sources */ = {
			isa = PBXSourcesBuildPhase;
			buildActionMask = 2147483647;
			files = (
				2475E3B1BAEAEE1D8FD372DC /* AppDelegate.swift in Sources */,
				62A1615A1E73C9ED003D28DC /* R.generated.swift in Sources */,
				62A161741E744812003D28DC /* StargazersMvcComposer.swift in Sources */,
				2475E296D4A45CC8EF30F8E8 /* GitHubApiClient.swift in Sources */,
				2475EF784651E52247E3C648 /* GitHubRepository.swift in Sources */,
				2475EBC38C427D41A452E006 /* GitHubStargazer.swift in Sources */,
				62A161701E7440FE003D28DC /* StargazerCell.swift in Sources */,
				2475EF6D67DC1229AB744C71 /* StargazersModel.swift in Sources */,
				2475E17C0E6D441728D39ECA /* StargazerRepository.swift in Sources */,
				2475E81254A76DFDA50D9D83 /* StargazersViewMediator.swift in Sources */,
				2475E427AF93298C1BA03EB1 /* StargazersControllerMediator.swift in Sources */,
				2475E09386F9E236D7FB1E4D /* Navigator.swift in Sources */,
				2475E797D65B825304504F9B /* FatalErrorViewController.swift in Sources */,
				2475E9C5968FE2FDD131A353 /* UrlOpener.swift in Sources */,
				2475E4F5BAA39082F5129854 /* GitHubUser.swift in Sources */,
				2475ED5BF2B685F9B76415C5 /* VisualDecorator.swift in Sources */,
				2475E3552D75289CEAB3FFC5 /* ColorCatalog.swift in Sources */,
				2475EF0E319C2B3CFC48C762 /* UserMvcComposer.swift in Sources */,
				2475EA2BD6E67ECEAE176195 /* RemoteImageSource.swift in Sources */,
				2475E2F948F045B2F1CCAE48 /* GitHubApiEndpoint.swift in Sources */,
				2475EE26A0DFBEC4EB5BAE99 /* FontRegistry.swift in Sources */,
				2475EEE96C335A9F12A6CDCB /* ModalPresenter.swift in Sources */,
				2475E8B006035467EAB8CA51 /* PageEndDirection.swift in Sources */,
				2475EC3DE8C8F6480DDCD136 /* PagingCursor.swift in Sources */,
				2475E437BCE2D828E2DE8608 /* PagedElementCollection.swift in Sources */,
				2475EEB29A601F4F56E18789 /* PageRepository.swift in Sources */,
				2475E52AFF57CA80947B35B8 /* PageEndDetectionStrategy.swift in Sources */,
				2475E5EEB2DAE071F555A468 /* PagingModel.swift in Sources */,
				2475E906ADAD63C68E83A804 /* Bag.swift in Sources */,
				2475E9438E42A41809D5609E /* PageElementCountStrategy.swift in Sources */,
				2475E86685E6B00877AE26FA /* PerformanceParameter.swift in Sources */,
				2475E170973E171822B69899 /* StargazersInfiniteScrollController.swift in Sources */,
				2475EEB00A8811E9698BD7E7 /* UserModel.swift in Sources */,
				2475ED242C02F97EC979B063 /* UserViewMediator.swift in Sources */,
				2475E0DE8D2D86FEB4B92AE3 /* TitleHolder.swift in Sources */,
				2475E4661715371D7250B39F /* UserScreenRootView.swift in Sources */,
				2475E76DB6877549D4EF0A3E /* FilledLayout.swift in Sources */,
				2475EBBD47C22B8513391662 /* StargazersScreenRootView.swift in Sources */,
				2475EA03D2E0AC5C95CA2961 /* GlobalModalPresenter.swift in Sources */,
				2475EBB7010332026F93D968 /* TransparentViewController.swift in Sources */,
				2475E58C5612022DA17FECB4 /* ModalDissolver.swift in Sources */,
				2475EFAF8A41DC6E3EA5136E /* ReverseNavigator.swift in Sources */,
				2475ECF1AD4C571D44629792 /* RootViewControllerHolder.swift in Sources */,
				2475E919F1D874F22263ADB2 /* RootNavigator.swift in Sources */,
			);
			runOnlyForDeploymentPostprocessing = 0;
		};
		2475E4A0A6547D8CB0D6FC25 /* Sources */ = {
			isa = PBXSourcesBuildPhase;
			buildActionMask = 2147483647;
			files = (
				2475E8169213EC2CBA0BA1B8 /* R.generated.swift in Sources */,
				2475EB37E60B9FA89BC83FF4 /* GitHubApiClientStub.swift in Sources */,
				2475EEC0350AE44691DDC0BA /* GitHubApiClientTests.swift in Sources */,
				2475E0A999969C00C800FF33 /* GitHubStargazerTests.swift in Sources */,
				2475EBE734270642753E85C1 /* StargazerRepositoryStub.swift in Sources */,
				2475ED71E768A0D9244C7C8D /* StargazersMvcComposerTests.swift in Sources */,
				2475E21443951FE6C9E9CC0B /* StargazersModelTests.swift in Sources */,
				2475EE86B1751D6D830B3BBD /* TestNavigator.swift in Sources */,
				2475E40D232C0867EE3CBDD0 /* NavigatorStub.swift in Sources */,
				2475E8D6EE86B076D4CB3361 /* RemoteImageSourceTests.swift in Sources */,
				2475E7A6273DD9CBF4ABA5BA /* AnyError.swift in Sources */,
				2475E2AC84566117FC687FC8 /* JsonReader.swift in Sources */,
				2475E578041452F8670C5A8C /* UserMvcComposerTests.swift in Sources */,
				2475ED6B21CB5EEF515D37D8 /* GitHubApiEndpointTests.swift in Sources */,
				2475EF8187459829B292AFA9 /* R.generatedTests.swift in Sources */,
				2475E8D08D795709933F77E2 /* FontRegistryTests.swift in Sources */,
				2475E63DC2AE2BBCED7A5D62 /* PagingCursorTests.swift in Sources */,
				2475EA44D9638AEDA24CE1DC /* PageRepositorySpy.swift in Sources */,
				2475EBBEE0CB66156780EAC1 /* PageRepositoryStub.swift in Sources */,
				2475E4644B84BA23207DBA28 /* PagingModelTests.swift in Sources */,
				2475E1F7383D96C8179860E9 /* PageEndDetectionStrategyStub.swift in Sources */,
				2475E058B58AC157C0A147B7 /* StargazersModelStub.swift in Sources */,
				2475E019AC6D2F294D677F34 /* BagStub.swift in Sources */,
				2475E50D500D2D57253936F6 /* UserModelStub.swift in Sources */,
				2475EF62D7DC1E8FC2476A52 /* AsyncTestHelper.swift in Sources */,
				2475E55643D08A83C570FEED /* ModalPresenterStub.swift in Sources */,
				2475EF51B81507582E5DFECC /* ModalPresenterSpy.swift in Sources */,
				2475EA0A2BB5CDAAA1DFB2B5 /* NavigatorSpy.swift in Sources */,
				2475EA58B3D5A745C10EEECB /* UrlOpenerStub.swift in Sources */,
				2475E4BFB97B4FD9BDEBBC3E /* UrlOpenerSpy.swift in Sources */,
				2475E43565E60AF499555003 /* ModalDissolverStub.swift in Sources */,
				2475E4ECDE3E285184B3D239 /* ModalDissolverSpy.swift in Sources */,
				2475E845E3CFF6655F05943B /* ReverseNavigatorStub.swift in Sources */,
				2475E9574A422AE546409DFA /* ReverseNavigatorSpy.swift in Sources */,
				2475ECB6415E19BAADCCD7A6 /* RootViewControllerHolderStub.swift in Sources */,
				2475E9E49763BD4260AD2B30 /* RootViewControllerHolderSpy.swift in Sources */,
				2475E66EA08658D19BCBD65E /* GlobalModalPresenterTests.swift in Sources */,
				2475E89B7635E64C1B93D474 /* SpyViewController.swift in Sources */,
				2475E591ACC9AFE667DAB0FE /* GlobalModalPresenterStub.swift in Sources */,
				2475ECBCF94E07BC7EF025A9 /* GlobalModalPresenterSpy.swift in Sources */,
			);
			runOnlyForDeploymentPostprocessing = 0;
		};
/* End PBXSourcesBuildPhase section */

/* Begin PBXTargetDependency section */
		2475E7D47894AD106A1B5F51 /* PBXTargetDependency */ = {
			isa = PBXTargetDependency;
			target = 2475EE0376871EE7203E0C05 /* TestableDesignExample */;
			targetProxy = 2475E250748A44B29F5B4F04 /* PBXContainerItemProxy */;
		};
		2475EBD483C89366BF77A7AE /* PBXTargetDependency */ = {
			isa = PBXTargetDependency;
			target = 2475EE0376871EE7203E0C05 /* TestableDesignExample */;
			targetProxy = 2475EA3339FE17C36E5296D2 /* PBXContainerItemProxy */;
		};
/* End PBXTargetDependency section */

/* Begin PBXVariantGroup section */
		2475E33610A7BBD163657C40 /* LaunchScreen.storyboard */ = {
			isa = PBXVariantGroup;
			children = (
				2475E15139800FB937012314 /* Base */,
			);
			name = LaunchScreen.storyboard;
			sourceTree = "<group>";
		};
/* End PBXVariantGroup section */

/* Begin XCBuildConfiguration section */
		2475E0647B89866545B54449 /* Debug */ = {
			isa = XCBuildConfiguration;
			buildSettings = {
				ALWAYS_SEARCH_USER_PATHS = NO;
				CLANG_ANALYZER_NONNULL = YES;
				CLANG_CXX_LANGUAGE_STANDARD = "gnu++0x";
				CLANG_CXX_LIBRARY = "libc++";
				CLANG_ENABLE_MODULES = YES;
				CLANG_ENABLE_OBJC_ARC = YES;
				CLANG_WARN_BOOL_CONVERSION = YES;
				CLANG_WARN_CONSTANT_CONVERSION = YES;
				CLANG_WARN_DIRECT_OBJC_ISA_USAGE = YES_ERROR;
				CLANG_WARN_DOCUMENTATION_COMMENTS = YES;
				CLANG_WARN_EMPTY_BODY = YES;
				CLANG_WARN_ENUM_CONVERSION = YES;
				CLANG_WARN_INFINITE_RECURSION = YES;
				CLANG_WARN_INT_CONVERSION = YES;
				CLANG_WARN_OBJC_ROOT_CLASS = YES_ERROR;
				CLANG_WARN_SUSPICIOUS_MOVE = YES;
				CLANG_WARN_UNREACHABLE_CODE = YES;
				CLANG_WARN__DUPLICATE_METHOD_MATCH = YES;
				"CODE_SIGN_IDENTITY[sdk=iphoneos*]" = "iPhone Developer";
				COPY_PHASE_STRIP = NO;
				DEBUG_INFORMATION_FORMAT = dwarf;
				ENABLE_STRICT_OBJC_MSGSEND = YES;
				ENABLE_TESTABILITY = YES;
				GCC_C_LANGUAGE_STANDARD = gnu99;
				GCC_DYNAMIC_NO_PIC = NO;
				GCC_NO_COMMON_BLOCKS = YES;
				GCC_OPTIMIZATION_LEVEL = 0;
				GCC_PREPROCESSOR_DEFINITIONS = (
					"DEBUG=1",
					"$(inherited)",
				);
				GCC_WARN_64_TO_32_BIT_CONVERSION = YES;
				GCC_WARN_ABOUT_RETURN_TYPE = YES_ERROR;
				GCC_WARN_UNDECLARED_SELECTOR = YES;
				GCC_WARN_UNINITIALIZED_AUTOS = YES_AGGRESSIVE;
				GCC_WARN_UNUSED_FUNCTION = YES;
				GCC_WARN_UNUSED_VARIABLE = YES;
				IPHONEOS_DEPLOYMENT_TARGET = 10.2;
				MTL_ENABLE_DEBUG_INFO = YES;
				ONLY_ACTIVE_ARCH = YES;
				SDKROOT = iphoneos;
				SWIFT_ACTIVE_COMPILATION_CONDITIONS = DEBUG;
				SWIFT_OPTIMIZATION_LEVEL = "-Onone";
			};
			name = Debug;
		};
		2475E110C1E1B482FD3CF296 /* Release */ = {
			isa = XCBuildConfiguration;
			buildSettings = {
				BUNDLE_LOADER = "$(BUILT_PRODUCTS_DIR)/TestableDesignExample.app/TestableDesignExample";
				FRAMEWORK_SEARCH_PATHS = (
					"$(inherited)",
					"$(PROJECT_DIR)/Carthage/Build/iOS",
				);
				INFOPLIST_FILE = TestableDesignExampleTests/Info.plist;
				LD_RUNPATH_SEARCH_PATHS = "$(inherited) @executable_path/Frameworks @loader_path/Frameworks";
				PRODUCT_BUNDLE_IDENTIFIER = com.kuniwak.TestableDesignExampleTests;
				PRODUCT_NAME = "$(TARGET_NAME)";
				SWIFT_VERSION = 3.0;
				TEST_HOST = "$(BUNDLE_LOADER)";
			};
			name = Release;
		};
		2475E4AE9BF6862304DB9BF8 /* Debug */ = {
			isa = XCBuildConfiguration;
			buildSettings = {
				ASSETCATALOG_COMPILER_APPICON_NAME = AppIcon;
				DEVELOPMENT_TEAM = 4KWK2Q5EB9;
				FRAMEWORK_SEARCH_PATHS = (
					"$(inherited)",
					"$(PROJECT_DIR)/Carthage/Build/iOS",
				);
				INFOPLIST_FILE = TestableDesignExample/Info.plist;
				LD_RUNPATH_SEARCH_PATHS = "$(inherited) @executable_path/Frameworks";
				PRODUCT_BUNDLE_IDENTIFIER = com.kuniwak.IosTestableDesignExample;
				PRODUCT_NAME = "$(TARGET_NAME)";
				SWIFT_VERSION = 3.0;
			};
			name = Debug;
		};
		2475E5516A87F8DAADE16AD5 /* Debug */ = {
			isa = XCBuildConfiguration;
			buildSettings = {
				INFOPLIST_FILE = TestableDesignExampleUITests/Info.plist;
				LD_RUNPATH_SEARCH_PATHS = "$(inherited) @executable_path/Frameworks @loader_path/Frameworks";
				PRODUCT_BUNDLE_IDENTIFIER = com.kuniwak.TestableDesignExampleUITests;
				PRODUCT_NAME = "$(TARGET_NAME)";
				SWIFT_VERSION = 3.0;
				TEST_TARGET_NAME = TestableDesignExample;
			};
			name = Debug;
		};
		2475EA5A4D5AEE954FE0626C /* Debug */ = {
			isa = XCBuildConfiguration;
			buildSettings = {
				BUNDLE_LOADER = "$(BUILT_PRODUCTS_DIR)/TestableDesignExample.app/TestableDesignExample";
				FRAMEWORK_SEARCH_PATHS = (
					"$(inherited)",
					"$(PROJECT_DIR)/Carthage/Build/iOS",
				);
				INFOPLIST_FILE = TestableDesignExampleTests/Info.plist;
				LD_RUNPATH_SEARCH_PATHS = "$(inherited) @executable_path/Frameworks @loader_path/Frameworks";
				PRODUCT_BUNDLE_IDENTIFIER = com.kuniwak.TestableDesignExampleTests;
				PRODUCT_NAME = "$(TARGET_NAME)";
				SWIFT_VERSION = 3.0;
				TEST_HOST = "$(BUNDLE_LOADER)";
			};
			name = Debug;
		};
		2475EC60140AA32195E40C76 /* Release */ = {
			isa = XCBuildConfiguration;
			buildSettings = {
				ASSETCATALOG_COMPILER_APPICON_NAME = AppIcon;
				DEVELOPMENT_TEAM = 4KWK2Q5EB9;
				FRAMEWORK_SEARCH_PATHS = (
					"$(inherited)",
					"$(PROJECT_DIR)/Carthage/Build/iOS",
				);
				INFOPLIST_FILE = TestableDesignExample/Info.plist;
				LD_RUNPATH_SEARCH_PATHS = "$(inherited) @executable_path/Frameworks";
				PRODUCT_BUNDLE_IDENTIFIER = com.kuniwak.IosTestableDesignExample;
				PRODUCT_NAME = "$(TARGET_NAME)";
				SWIFT_VERSION = 3.0;
			};
			name = Release;
		};
		2475EDB087733D51F193AB2C /* Release */ = {
			isa = XCBuildConfiguration;
			buildSettings = {
				ALWAYS_SEARCH_USER_PATHS = NO;
				CLANG_ANALYZER_NONNULL = YES;
				CLANG_CXX_LANGUAGE_STANDARD = "gnu++0x";
				CLANG_CXX_LIBRARY = "libc++";
				CLANG_ENABLE_MODULES = YES;
				CLANG_ENABLE_OBJC_ARC = YES;
				CLANG_WARN_BOOL_CONVERSION = YES;
				CLANG_WARN_CONSTANT_CONVERSION = YES;
				CLANG_WARN_DIRECT_OBJC_ISA_USAGE = YES_ERROR;
				CLANG_WARN_DOCUMENTATION_COMMENTS = YES;
				CLANG_WARN_EMPTY_BODY = YES;
				CLANG_WARN_ENUM_CONVERSION = YES;
				CLANG_WARN_INFINITE_RECURSION = YES;
				CLANG_WARN_INT_CONVERSION = YES;
				CLANG_WARN_OBJC_ROOT_CLASS = YES_ERROR;
				CLANG_WARN_SUSPICIOUS_MOVE = YES;
				CLANG_WARN_UNREACHABLE_CODE = YES;
				CLANG_WARN__DUPLICATE_METHOD_MATCH = YES;
				"CODE_SIGN_IDENTITY[sdk=iphoneos*]" = "iPhone Developer";
				COPY_PHASE_STRIP = NO;
				DEBUG_INFORMATION_FORMAT = "dwarf-with-dsym";
				ENABLE_NS_ASSERTIONS = NO;
				ENABLE_STRICT_OBJC_MSGSEND = YES;
				GCC_C_LANGUAGE_STANDARD = gnu99;
				GCC_NO_COMMON_BLOCKS = YES;
				GCC_WARN_64_TO_32_BIT_CONVERSION = YES;
				GCC_WARN_ABOUT_RETURN_TYPE = YES_ERROR;
				GCC_WARN_UNDECLARED_SELECTOR = YES;
				GCC_WARN_UNINITIALIZED_AUTOS = YES_AGGRESSIVE;
				GCC_WARN_UNUSED_FUNCTION = YES;
				GCC_WARN_UNUSED_VARIABLE = YES;
				IPHONEOS_DEPLOYMENT_TARGET = 10.2;
				MTL_ENABLE_DEBUG_INFO = NO;
				SDKROOT = iphoneos;
				SWIFT_OPTIMIZATION_LEVEL = "-Owholemodule";
				VALIDATE_PRODUCT = YES;
			};
			name = Release;
		};
		2475EDE77396559415A267D2 /* Release */ = {
			isa = XCBuildConfiguration;
			buildSettings = {
				INFOPLIST_FILE = TestableDesignExampleUITests/Info.plist;
				LD_RUNPATH_SEARCH_PATHS = "$(inherited) @executable_path/Frameworks @loader_path/Frameworks";
				PRODUCT_BUNDLE_IDENTIFIER = com.kuniwak.TestableDesignExampleUITests;
				PRODUCT_NAME = "$(TARGET_NAME)";
				SWIFT_VERSION = 3.0;
				TEST_TARGET_NAME = TestableDesignExample;
			};
			name = Release;
		};
/* End XCBuildConfiguration section */

/* Begin XCConfigurationList section */
		2475E125D452A919E93092F4 /* Build configuration list for PBXProject "TestableDesignExample" */ = {
			isa = XCConfigurationList;
			buildConfigurations = (
				2475E0647B89866545B54449 /* Debug */,
				2475EDB087733D51F193AB2C /* Release */,
			);
			defaultConfigurationIsVisible = 0;
			defaultConfigurationName = Release;
		};
		2475E16C50E63B0E2DE88092 /* Build configuration list for PBXNativeTarget "TestableDesignExampleTests" */ = {
			isa = XCConfigurationList;
			buildConfigurations = (
				2475EA5A4D5AEE954FE0626C /* Debug */,
				2475E110C1E1B482FD3CF296 /* Release */,
			);
			defaultConfigurationIsVisible = 0;
			defaultConfigurationName = Release;
		};
		2475E590EB59A1AAAA8451B7 /* Build configuration list for PBXNativeTarget "TestableDesignExampleUITests" */ = {
			isa = XCConfigurationList;
			buildConfigurations = (
				2475E5516A87F8DAADE16AD5 /* Debug */,
				2475EDE77396559415A267D2 /* Release */,
			);
			defaultConfigurationIsVisible = 0;
			defaultConfigurationName = Release;
		};
		2475E8BF3640622A9CBA90DF /* Build configuration list for PBXNativeTarget "TestableDesignExample" */ = {
			isa = XCConfigurationList;
			buildConfigurations = (
				2475E4AE9BF6862304DB9BF8 /* Debug */,
				2475EC60140AA32195E40C76 /* Release */,
			);
			defaultConfigurationIsVisible = 0;
			defaultConfigurationName = Release;
		};
/* End XCConfigurationList section */
	};
	rootObject = 2475E53F7AA653832B1EFE63 /* Project object */;
}
